
Microsoft Visual Studio Solution File, Format Version 12.00
# Visual Studio Version 17
VisualStudioVersion = 17.5.002.0
MinimumVisualStudioVersion = 10.0.40219.1
Project("{9A19103F-16F7-4668-BE54-9A1E7A4F7556}") = "WebApp", "WebApp\WebApp.csproj", "{15121024-5F97-44D2-A5A8-C8CB89A205D4}"
EndProject
Project("{FAE04EC0-301F-11D3-BF4B-00C04F79EFBC}") = "Domain", "Domain\Domain.csproj", "{A85E99B0-774C-477F-A359-6F4AF877609C}"
EndProject
Project("{FAE04EC0-301F-11D3-BF4B-00C04F79EFBC}") = "Infrastructure", "Infrastructure\Infrastructure.csproj", "{515DB82E-2022-4FEB-8593-11D309F14304}"
EndProject
Global
	GlobalSection(SolutionConfigurationPlatforms) = preSolution
		Debug|Any CPU = Debug|Any CPU
		Release|Any CPU = Release|Any CPU
	EndGlobalSection
	GlobalSection(ProjectConfigurationPlatforms) = postSolution
		{15121024-5F97-44D2-A5A8-C8CB89A205D4}.Debug|Any CPU.ActiveCfg = Debug|Any CPU
		{15121024-5F97-44D2-A5A8-C8CB89A205D4}.Debug|Any CPU.Build.0 = Debug|Any CPU
		{15121024-5F97-44D2-A5A8-C8CB89A205D4}.Release|Any CPU.ActiveCfg = Release|Any CPU
		{15121024-5F97-44D2-A5A8-C8CB89A205D4}.Release|Any CPU.Build.0 = Release|Any CPU
		{A85E99B0-774C-477F-A359-6F4AF877609C}.Debug|Any CPU.ActiveCfg = Debug|Any CPU
		{A85E99B0-774C-477F-A359-6F4AF877609C}.Debug|Any CPU.Build.0 = Debug|Any CPU
		{A85E99B0-774C-477F-A359-6F4AF877609C}.Release|Any CPU.ActiveCfg = Release|Any CPU
		{A85E99B0-774C-477F-A359-6F4AF877609C}.Release|Any CPU.Build.0 = Release|Any CPU
		{515DB82E-2022-4FEB-8593-11D309F14304}.Debug|Any CPU.ActiveCfg = Debug|Any CPU
		{515DB82E-2022-4FEB-8593-11D309F14304}.Debug|Any CPU.Build.0 = Debug|Any CPU
		{515DB82E-2022-4FEB-8593-11D309F14304}.Release|Any CPU.ActiveCfg = Release|Any CPU
		{515DB82E-2022-4FEB-8593-11D309F14304}.Release|Any CPU.Build.0 = Release|Any CPU
	EndGlobalSection
	GlobalSection(SolutionProperties) = preSolution
		HideSolutionNode = FALSE
	EndGlobalSection
	GlobalSection(ExtensibilityGlobals) = postSolution
		SolutionGuid = {5CA9A48B-1F4A-4FD2-8447-AE4FD4854B40}
	EndGlobalSection
EndGlobal
